
Microsoft Visual Studio Solution File, Format Version 12.00
# Visual Studio Version 16
VisualStudioVersion = 16.0.30503.244
MinimumVisualStudioVersion = 10.0.40219.1
Project("{9A19103F-16F7-4668-BE54-9A1E7A4F7556}") = "BasinWaterBalance", "BasinWaterBalance.csproj", "{FE8DDA48-451A-4552-B3E2-2FA6B0248A22}"
EndProject
Global
	GlobalSection(SolutionConfigurationPlatforms) = preSolution
		Debug|Any CPU = Debug|Any CPU
		Release|Any CPU = Release|Any CPU
	EndGlobalSection
	GlobalSection(ProjectConfigurationPlatforms) = postSolution
		{FE8DDA48-451A-4552-B3E2-2FA6B0248A22}.Debug|Any CPU.ActiveCfg = Debug|Any CPU
		{FE8DDA48-451A-4552-B3E2-2FA6B0248A22}.Debug|Any CPU.Build.0 = Debug|Any CPU
		{FE8DDA48-451A-4552-B3E2-2FA6B0248A22}.Release|Any CPU.ActiveCfg = Release|Any CPU
		{FE8DDA48-451A-4552-B3E2-2FA6B0248A22}.Release|Any CPU.Build.0 = Release|Any CPU
	EndGlobalSection
	GlobalSection(SolutionProperties) = preSolution
		HideSolutionNode = FALSE
	EndGlobalSection
	GlobalSection(ExtensibilityGlobals) = postSolution
		SolutionGuid = {E7982C64-348E-4237-B25B-9AE1C5686F8B}
	EndGlobalSection
EndGlobal
